
Microsoft Visual Studio Solution File, Format Version 12.00
# Visual Studio Version 17
VisualStudioVersion = 17.10.34607.79
MinimumVisualStudioVersion = 15.0.26124.0
Project("{2150E333-8FDC-42A3-9474-1A3956D46DE8}") = "src", "src", "{BE6401FE-8D58-4D63-A0C2-0AAC7E96CE39}"
EndProject
Project("{2150E333-8FDC-42A3-9474-1A3956D46DE8}") = "test", "test", "{44C5AF60-8131-4236-9F91-B409C8C8FD6C}"
EndProject
Project("{2150E333-8FDC-42A3-9474-1A3956D46DE8}") = "sample", "sample", "{C59FB28F-DE2A-404C-AA7B-F60983D80395}"
EndProject
Project("{9A19103F-16F7-4668-BE54-9A1E7A4F7556}") = "Nut.MediatR.ServiceLike", "src\Nut.MediatR.ServiceLike\Nut.MediatR.ServiceLike.csproj", "{636B6E91-A59B-49E7-A08F-B787505650C2}"
EndProject
Project("{9A19103F-16F7-4668-BE54-9A1E7A4F7556}") = "Nut.MediatR.ServiceLike.Test", "test\Nut.MediatR.ServiceLike.Test\Nut.MediatR.ServiceLike.Test.csproj", "{E06486C1-DF3F-49A7-BEC4-D600F118510C}"
EndProject
Project("{9A19103F-16F7-4668-BE54-9A1E7A4F7556}") = "ServiceLikeSample", "sample\ServiceLikeSample\ServiceLikeSample.csproj", "{09846F93-CBDE-445C-8DCD-5DF45DD89A50}"
EndProject
Project("{9A19103F-16F7-4668-BE54-9A1E7A4F7556}") = "Nut.MediatR.ServiceLike.DependencyInjection", "src\Nut.MediatR.ServiceLike.DependencyInjection\Nut.MediatR.ServiceLike.DependencyInjection.csproj", "{54BC5F36-F884-47F9-BBA3-CF04BEFE803B}"
EndProject
Project("{9A19103F-16F7-4668-BE54-9A1E7A4F7556}") = "Nut.MediatR.ServiceLike.DependencyInjection.Test", "test\Nut.MediatR.ServiceLike.DependencyInjection.Test\Nut.MediatR.ServiceLike.DependencyInjection.Test.csproj", "{53B6D8EA-FC39-4BA2-84B4-3F4C7F920910}"
EndProject
Global
	GlobalSection(SolutionConfigurationPlatforms) = preSolution
		Debug|Any CPU = Debug|Any CPU
		Debug|x64 = Debug|x64
		Debug|x86 = Debug|x86
		Release|Any CPU = Release|Any CPU
		Release|x64 = Release|x64
		Release|x86 = Release|x86
	EndGlobalSection
	GlobalSection(ProjectConfigurationPlatforms) = postSolution
		{636B6E91-A59B-49E7-A08F-B787505650C2}.Debug|Any CPU.ActiveCfg = Debug|Any CPU
		{636B6E91-A59B-49E7-A08F-B787505650C2}.Debug|Any CPU.Build.0 = Debug|Any CPU
		{636B6E91-A59B-49E7-A08F-B787505650C2}.Debug|x64.ActiveCfg = Debug|Any CPU
		{636B6E91-A59B-49E7-A08F-B787505650C2}.Debug|x64.Build.0 = Debug|Any CPU
		{636B6E91-A59B-49E7-A08F-B787505650C2}.Debug|x86.ActiveCfg = Debug|Any CPU
		{636B6E91-A59B-49E7-A08F-B787505650C2}.Debug|x86.Build.0 = Debug|Any CPU
		{636B6E91-A59B-49E7-A08F-B787505650C2}.Release|Any CPU.ActiveCfg = Release|Any CPU
		{636B6E91-A59B-49E7-A08F-B787505650C2}.Release|Any CPU.Build.0 = Release|Any CPU
		{636B6E91-A59B-49E7-A08F-B787505650C2}.Release|x64.ActiveCfg = Release|Any CPU
		{636B6E91-A59B-49E7-A08F-B787505650C2}.Release|x64.Build.0 = Release|Any CPU
		{636B6E91-A59B-49E7-A08F-B787505650C2}.Release|x86.ActiveCfg = Release|Any CPU
		{636B6E91-A59B-49E7-A08F-B787505650C2}.Release|x86.Build.0 = Release|Any CPU
		{E06486C1-DF3F-49A7-BEC4-D600F118510C}.Debug|Any CPU.ActiveCfg = Debug|Any CPU
		{E06486C1-DF3F-49A7-BEC4-D600F118510C}.Debug|Any CPU.Build.0 = Debug|Any CPU
		{E06486C1-DF3F-49A7-BEC4-D600F118510C}.Debug|x64.ActiveCfg = Debug|Any CPU
		{E06486C1-DF3F-49A7-BEC4-D600F118510C}.Debug|x64.Build.0 = Debug|Any CPU
		{E06486C1-DF3F-49A7-BEC4-D600F118510C}.Debug|x86.ActiveCfg = Debug|Any CPU
		{E06486C1-DF3F-49A7-BEC4-D600F118510C}.Debug|x86.Build.0 = Debug|Any CPU
		{E06486C1-DF3F-49A7-BEC4-D600F118510C}.Release|Any CPU.ActiveCfg = Release|Any CPU
		{E06486C1-DF3F-49A7-BEC4-D600F118510C}.Release|Any CPU.Build.0 = Release|Any CPU
		{E06486C1-DF3F-49A7-BEC4-D600F118510C}.Release|x64.ActiveCfg = Release|Any CPU
		{E06486C1-DF3F-49A7-BEC4-D600F118510C}.Release|x64.Build.0 = Release|Any CPU
		{E06486C1-DF3F-49A7-BEC4-D600F118510C}.Release|x86.ActiveCfg = Release|Any CPU
		{E06486C1-DF3F-49A7-BEC4-D600F118510C}.Release|x86.Build.0 = Release|Any CPU
		{09846F93-CBDE-445C-8DCD-5DF45DD89A50}.Debug|Any CPU.ActiveCfg = Debug|Any CPU
		{09846F93-CBDE-445C-8DCD-5DF45DD89A50}.Debug|Any CPU.Build.0 = Debug|Any CPU
		{09846F93-CBDE-445C-8DCD-5DF45DD89A50}.Debug|x64.ActiveCfg = Debug|Any CPU
		{09846F93-CBDE-445C-8DCD-5DF45DD89A50}.Debug|x64.Build.0 = Debug|Any CPU
		{09846F93-CBDE-445C-8DCD-5DF45DD89A50}.Debug|x86.ActiveCfg = Debug|Any CPU
		{09846F93-CBDE-445C-8DCD-5DF45DD89A50}.Debug|x86.Build.0 = Debug|Any CPU
		{09846F93-CBDE-445C-8DCD-5DF45DD89A50}.Release|Any CPU.ActiveCfg = Release|Any CPU
		{09846F93-CBDE-445C-8DCD-5DF45DD89A50}.Release|Any CPU.Build.0 = Release|Any CPU
		{09846F93-CBDE-445C-8DCD-5DF45DD89A50}.Release|x64.ActiveCfg = Release|Any CPU
		{09846F93-CBDE-445C-8DCD-5DF45DD89A50}.Release|x64.Build.0 = Release|Any CPU
		{09846F93-CBDE-445C-8DCD-5DF45DD89A50}.Release|x86.ActiveCfg = Release|Any CPU
		{09846F93-CBDE-445C-8DCD-5DF45DD89A50}.Release|x86.Build.0 = Release|Any CPU
		{54BC5F36-F884-47F9-BBA3-CF04BEFE803B}.Debug|Any CPU.ActiveCfg = Debug|Any CPU
		{54BC5F36-F884-47F9-BBA3-CF04BEFE803B}.Debug|Any CPU.Build.0 = Debug|Any CPU
		{54BC5F36-F884-47F9-BBA3-CF04BEFE803B}.Debug|x64.ActiveCfg = Debug|Any CPU
		{54BC5F36-F884-47F9-BBA3-CF04BEFE803B}.Debug|x64.Build.0 = Debug|Any CPU
		{54BC5F36-F884-47F9-BBA3-CF04BEFE803B}.Debug|x86.ActiveCfg = Debug|Any CPU
		{54BC5F36-F884-47F9-BBA3-CF04BEFE803B}.Debug|x86.Build.0 = Debug|Any CPU
		{54BC5F36-F884-47F9-BBA3-CF04BEFE803B}.Release|Any CPU.ActiveCfg = Release|Any CPU
		{54BC5F36-F884-47F9-BBA3-CF04BEFE803B}.Release|Any CPU.Build.0 = Release|Any CPU
		{54BC5F36-F884-47F9-BBA3-CF04BEFE803B}.Release|x64.ActiveCfg = Release|Any CPU
		{54BC5F36-F884-47F9-BBA3-CF04BEFE803B}.Release|x64.Build.0 = Release|Any CPU
		{54BC5F36-F884-47F9-BBA3-CF04BEFE803B}.Release|x86.ActiveCfg = Release|Any CPU
		{54BC5F36-F884-47F9-BBA3-CF04BEFE803B}.Release|x86.Build.0 = Release|Any CPU
		{53B6D8EA-FC39-4BA2-84B4-3F4C7F920910}.Debug|Any CPU.ActiveCfg = Debug|Any CPU
		{53B6D8EA-FC39-4BA2-84B4-3F4C7F920910}.Debug|Any CPU.Build.0 = Debug|Any CPU
		{53B6D8EA-FC39-4BA2-84B4-3F4C7F920910}.Debug|x64.ActiveCfg = Debug|Any CPU
		{53B6D8EA-FC39-4BA2-84B4-3F4C7F920910}.Debug|x64.Build.0 = Debug|Any CPU
		{53B6D8EA-FC39-4BA2-84B4-3F4C7F920910}.Debug|x86.ActiveCfg = Debug|Any CPU
		{53B6D8EA-FC39-4BA2-84B4-3F4C7F920910}.Debug|x86.Build.0 = Debug|Any CPU
		{53B6D8EA-FC39-4BA2-84B4-3F4C7F920910}.Release|Any CPU.ActiveCfg = Release|Any CPU
		{53B6D8EA-FC39-4BA2-84B4-3F4C7F920910}.Release|Any CPU.Build.0 = Release|Any CPU
		{53B6D8EA-FC39-4BA2-84B4-3F4C7F920910}.Release|x64.ActiveCfg = Release|Any CPU
		{53B6D8EA-FC39-4BA2-84B4-3F4C7F920910}.Release|x64.Build.0 = Release|Any CPU
		{53B6D8EA-FC39-4BA2-84B4-3F4C7F920910}.Release|x86.ActiveCfg = Release|Any CPU
		{53B6D8EA-FC39-4BA2-84B4-3F4C7F920910}.Release|x86.Build.0 = Release|Any CPU
	EndGlobalSection
	GlobalSection(SolutionProperties) = preSolution
		HideSolutionNode = FALSE
	EndGlobalSection
	GlobalSection(NestedProjects) = preSolution
		{636B6E91-A59B-49E7-A08F-B787505650C2} = {BE6401FE-8D58-4D63-A0C2-0AAC7E96CE39}
		{E06486C1-DF3F-49A7-BEC4-D600F118510C} = {44C5AF60-8131-4236-9F91-B409C8C8FD6C}
		{09846F93-CBDE-445C-8DCD-5DF45DD89A50} = {C59FB28F-DE2A-404C-AA7B-F60983D80395}
		{54BC5F36-F884-47F9-BBA3-CF04BEFE803B} = {BE6401FE-8D58-4D63-A0C2-0AAC7E96CE39}
		{53B6D8EA-FC39-4BA2-84B4-3F4C7F920910} = {44C5AF60-8131-4236-9F91-B409C8C8FD6C}
	EndGlobalSection
	GlobalSection(ExtensibilityGlobals) = postSolution
		SolutionGuid = {57CE9F24-DDDF-4AF0-BB6C-4B265A68EA09}
	EndGlobalSection
EndGlobal
